{
  "name": "EVMe",
  "lockfileVersion": 2,
  "requires": true,
  "packages": {
    "": {
      "dependencies": {
        "@smogon/calc": "^0.9.0",
        "run-func": "^3.0.0"
      }
    },
    "node_modules/@smogon/calc": {
      "version": "0.9.0",
      "resolved": "https://registry.npmjs.org/@smogon/calc/-/calc-0.9.0.tgz",
      "integrity": "sha512-sTvBf3FiDX/uzxjh+HSakANvyyCGoCbeb9PL+7cKEvSREPFdpj3IuPWmP3ltCYbIURmBBMa9TVX12pXgdNPqpA==",
      "dependencies": {
        "@types/node": "^18.14.2"
      }
    },
    "node_modules/@types/node": {
      "version": "18.19.9",
      "resolved": "https://registry.npmjs.org/@types/node/-/node-18.19.9.tgz",
      "integrity": "sha512-oZFKlC8l5YtzGQNT4zC2PiSSKzQVZ8bAwwd+EYdPLtyk0nSEq6O16SkK+rkkT2eflDAbormJgEF3QnH3oDrTSw==",
      "dependencies": {
        "undici-types": "~5.26.4"
      }
    },
    "node_modules/run-func": {
      "version": "3.0.0",
      "resolved": "https://registry.npmjs.org/run-func/-/run-func-3.0.0.tgz",
      "integrity": "sha512-RZwVzBrD7biV5CiAgwEUdaRGt0hLjBrhn4PqemBuNogH9Sc/8Bv8p+6F6AweU5bxZXsb3Mxltgu+/f+TGi0udA==",
      "bin": {
        "run-func": "index.js",
        "run-func-mem": "mem.js"
      },
      "engines": {
        "node": ">=10.0.0",
        "npm": ">=6.0.0"
      }
    },
    "node_modules/undici-types": {
      "version": "5.26.5",
      "resolved": "https://registry.npmjs.org/undici-types/-/undici-types-5.26.5.tgz",
      "integrity": "sha512-JlCMO+ehdEIKqlFxk6IfVoAUVmgz7cU7zD/h9XZ0qzeosSHmUJVOzSQvvYSYWXkFXC+IfLKSIffhv0sVZup6pA=="
    }
  },
  "dependencies": {
    "@smogon/calc": {
      "version": "0.9.0",
      "resolved": "https://registry.npmjs.org/@smogon/calc/-/calc-0.9.0.tgz",
      "integrity": "sha512-sTvBf3FiDX/uzxjh+HSakANvyyCGoCbeb9PL+7cKEvSREPFdpj3IuPWmP3ltCYbIURmBBMa9TVX12pXgdNPqpA==",
      "requires": {
        "@types/node": "^18.14.2"
      }
    },
    "@types/node": {
      "version": "18.19.9",
      "resolved": "https://registry.npmjs.org/@types/node/-/node-18.19.9.tgz",
      "integrity": "sha512-oZFKlC8l5YtzGQNT4zC2PiSSKzQVZ8bAwwd+EYdPLtyk0nSEq6O16SkK+rkkT2eflDAbormJgEF3QnH3oDrTSw==",
      "requires": {
        "undici-types": "~5.26.4"
      }
    },
    "run-func": {
      "version": "3.0.0",
      "resolved": "https://registry.npmjs.org/run-func/-/run-func-3.0.0.tgz",
      "integrity": "sha512-RZwVzBrD7biV5CiAgwEUdaRGt0hLjBrhn4PqemBuNogH9Sc/8Bv8p+6F6AweU5bxZXsb3Mxltgu+/f+TGi0udA=="
    },
    "undici-types": {
      "version": "5.26.5",
      "resolved": "https://registry.npmjs.org/undici-types/-/undici-types-5.26.5.tgz",
      "integrity": "sha512-JlCMO+ehdEIKqlFxk6IfVoAUVmgz7cU7zD/h9XZ0qzeosSHmUJVOzSQvvYSYWXkFXC+IfLKSIffhv0sVZup6pA=="
    }
  }
}
